
Microsoft Visual Studio Solution File, Format Version 12.00
# Visual Studio Version 17
VisualStudioVersion = 17.2.32519.379
MinimumVisualStudioVersion = 10.0.40219.1
Project("{FAE04EC0-301F-11D3-BF4B-00C04F79EFBC}") = "IEnumerable_IEnumerator", "IEnumerable_IEnumerator\IEnumerable_IEnumerator.csproj", "{50EC7C4D-854A-40FA-8EA3-28FDA95A0F91}"
EndProject
Global
	GlobalSection(SolutionConfigurationPlatforms) = preSolution
		Debug|Any CPU = Debug|Any CPU
		Release|Any CPU = Release|Any CPU
	EndGlobalSection
	GlobalSection(ProjectConfigurationPlatforms) = postSolution
		{50EC7C4D-854A-40FA-8EA3-28FDA95A0F91}.Debug|Any CPU.ActiveCfg = Debug|Any CPU
		{50EC7C4D-854A-40FA-8EA3-28FDA95A0F91}.Debug|Any CPU.Build.0 = Debug|Any CPU
		{50EC7C4D-854A-40FA-8EA3-28FDA95A0F91}.Release|Any CPU.ActiveCfg = Release|Any CPU
		{50EC7C4D-854A-40FA-8EA3-28FDA95A0F91}.Release|Any CPU.Build.0 = Release|Any CPU
	EndGlobalSection
	GlobalSection(SolutionProperties) = preSolution
		HideSolutionNode = FALSE
	EndGlobalSection
	GlobalSection(ExtensibilityGlobals) = postSolution
		SolutionGuid = {6436D232-6A0C-4587-880E-029158ABB533}
	EndGlobalSection
EndGlobal
